
Microsoft Visual Studio Solution File, Format Version 11.00
# Visual Studio 2010
Project("{FAE04EC0-301F-11D3-BF4B-00C04F79EFBC}") = "Blind Guy Walks Home", "Assembly-CSharp-firstpass.csproj", "{694EDAC7-C95C-4A5D-D9DF-3A0AF9CFFCBD}"
EndProject
Project("{FAE04EC0-301F-11D3-BF4B-00C04F79EFBC}") = "Blind Guy Walks Home", "Assembly-CSharp.csproj", "{D68ED4AF-43CE-4796-0CA2-8AB2C0FCC485}"
EndProject
Project("{FAE04EC0-301F-11D3-BF4B-00C04F79EFBC}") = "Blind Guy Walks Home", "Assembly-CSharp-Editor-firstpass.csproj", "{190D5D71-3669-53F1-67AD-7403963DAFE0}"
EndProject
Global
	GlobalSection(SolutionConfigurationPlatforms) = preSolution
		Debug|Any CPU = Debug|Any CPU
		Release|Any CPU = Release|Any CPU
	EndGlobalSection
	GlobalSection(ProjectConfigurationPlatforms) = postSolution
		{694EDAC7-C95C-4A5D-D9DF-3A0AF9CFFCBD}.Debug|Any CPU.ActiveCfg = Debug|Any CPU
		{694EDAC7-C95C-4A5D-D9DF-3A0AF9CFFCBD}.Debug|Any CPU.Build.0 = Debug|Any CPU
		{694EDAC7-C95C-4A5D-D9DF-3A0AF9CFFCBD}.Release|Any CPU.ActiveCfg = Release|Any CPU
		{694EDAC7-C95C-4A5D-D9DF-3A0AF9CFFCBD}.Release|Any CPU.Build.0 = Release|Any CPU
		{D68ED4AF-43CE-4796-0CA2-8AB2C0FCC485}.Debug|Any CPU.ActiveCfg = Debug|Any CPU
		{D68ED4AF-43CE-4796-0CA2-8AB2C0FCC485}.Debug|Any CPU.Build.0 = Debug|Any CPU
		{D68ED4AF-43CE-4796-0CA2-8AB2C0FCC485}.Release|Any CPU.ActiveCfg = Release|Any CPU
		{D68ED4AF-43CE-4796-0CA2-8AB2C0FCC485}.Release|Any CPU.Build.0 = Release|Any CPU
		{190D5D71-3669-53F1-67AD-7403963DAFE0}.Debug|Any CPU.ActiveCfg = Debug|Any CPU
		{190D5D71-3669-53F1-67AD-7403963DAFE0}.Debug|Any CPU.Build.0 = Debug|Any CPU
		{190D5D71-3669-53F1-67AD-7403963DAFE0}.Release|Any CPU.ActiveCfg = Release|Any CPU
		{190D5D71-3669-53F1-67AD-7403963DAFE0}.Release|Any CPU.Build.0 = Release|Any CPU
	EndGlobalSection
	GlobalSection(SolutionProperties) = preSolution
		HideSolutionNode = FALSE
	EndGlobalSection
	GlobalSection(MonoDevelopProperties) = preSolution
		StartupItem = Assembly-CSharp.csproj
	EndGlobalSection
EndGlobal
